
Microsoft Visual Studio Solution File, Format Version 12.00
# Visual Studio Version 16
VisualStudioVersion = 16.0.30517.126
MinimumVisualStudioVersion = 10.0.40219.1
Project("{9A19103F-16F7-4668-BE54-9A1E7A4F7556}") = "JobAdderTest", "JobAdderTest.csproj", "{7B447D54-3F80-4F64-A320-08CBD427D468}"
EndProject
Project("{FAE04EC0-301F-11D3-BF4B-00C04F79EFBC}") = "JobAdderTestTest", "..\JobAdderTestTest\JobAdderTestTest.csproj", "{B55E3855-C219-4CBA-BBBF-C9D41F41AB38}"
EndProject
Global
	GlobalSection(SolutionConfigurationPlatforms) = preSolution
		Debug|Any CPU = Debug|Any CPU
		Release|Any CPU = Release|Any CPU
	EndGlobalSection
	GlobalSection(ProjectConfigurationPlatforms) = postSolution
		{7B447D54-3F80-4F64-A320-08CBD427D468}.Debug|Any CPU.ActiveCfg = Debug|Any CPU
		{7B447D54-3F80-4F64-A320-08CBD427D468}.Debug|Any CPU.Build.0 = Debug|Any CPU
		{7B447D54-3F80-4F64-A320-08CBD427D468}.Release|Any CPU.ActiveCfg = Release|Any CPU
		{7B447D54-3F80-4F64-A320-08CBD427D468}.Release|Any CPU.Build.0 = Release|Any CPU
		{B55E3855-C219-4CBA-BBBF-C9D41F41AB38}.Debug|Any CPU.ActiveCfg = Debug|Any CPU
		{B55E3855-C219-4CBA-BBBF-C9D41F41AB38}.Debug|Any CPU.Build.0 = Debug|Any CPU
		{B55E3855-C219-4CBA-BBBF-C9D41F41AB38}.Release|Any CPU.ActiveCfg = Release|Any CPU
		{B55E3855-C219-4CBA-BBBF-C9D41F41AB38}.Release|Any CPU.Build.0 = Release|Any CPU
	EndGlobalSection
	GlobalSection(SolutionProperties) = preSolution
		HideSolutionNode = FALSE
	EndGlobalSection
	GlobalSection(ExtensibilityGlobals) = postSolution
		SolutionGuid = {3E44513F-4BFC-4FD9-A8CB-5434103C37AC}
	EndGlobalSection
EndGlobal
